
Microsoft Visual Studio Solution File, Format Version 12.00
# Visual Studio Version 16
VisualStudioVersion = 16.0.31829.152
MinimumVisualStudioVersion = 10.0.40219.1
Project("{FAE04EC0-301F-11D3-BF4B-00C04F79EFBC}") = "17", "17\17.csproj", "{C0E1B7F2-7450-44C3-81F0-595A2D02C81B}"
EndProject
Global
	GlobalSection(SolutionConfigurationPlatforms) = preSolution
		Debug|Any CPU = Debug|Any CPU
		Release|Any CPU = Release|Any CPU
	EndGlobalSection
	GlobalSection(ProjectConfigurationPlatforms) = postSolution
		{C0E1B7F2-7450-44C3-81F0-595A2D02C81B}.Debug|Any CPU.ActiveCfg = Debug|Any CPU
		{C0E1B7F2-7450-44C3-81F0-595A2D02C81B}.Debug|Any CPU.Build.0 = Debug|Any CPU
		{C0E1B7F2-7450-44C3-81F0-595A2D02C81B}.Release|Any CPU.ActiveCfg = Release|Any CPU
		{C0E1B7F2-7450-44C3-81F0-595A2D02C81B}.Release|Any CPU.Build.0 = Release|Any CPU
	EndGlobalSection
	GlobalSection(SolutionProperties) = preSolution
		HideSolutionNode = FALSE
	EndGlobalSection
	GlobalSection(ExtensibilityGlobals) = postSolution
		SolutionGuid = {E1142678-859C-4DEC-A26D-ECE85F9A7C18}
	EndGlobalSection
EndGlobal
